
Microsoft Visual Studio Solution File, Format Version 12.00
# Visual Studio Version 16
VisualStudioVersion = 16.0.33529.622
MinimumVisualStudioVersion = 10.0.40219.1
Project("{FAE04EC0-301F-11D3-BF4B-00C04F79EFBC}") = "SqliteTaratorki.Android", "SqliteTaratorki\SqliteTaratorki.Android\SqliteTaratorki.Android.csproj", "{680FB63C-D253-4D7F-8669-13489CD9ABF1}"
EndProject
Project("{FAE04EC0-301F-11D3-BF4B-00C04F79EFBC}") = "SqliteTaratorki", "SqliteTaratorki\SqliteTaratorki\SqliteTaratorki.csproj", "{6FE91BD4-9AC0-4CF2-A849-2BBAF1D6F15C}"
EndProject
Global
	GlobalSection(SolutionConfigurationPlatforms) = preSolution
		Debug|Any CPU = Debug|Any CPU
		Release|Any CPU = Release|Any CPU
	EndGlobalSection
	GlobalSection(ProjectConfigurationPlatforms) = postSolution
		{680FB63C-D253-4D7F-8669-13489CD9ABF1}.Debug|Any CPU.ActiveCfg = Debug|Any CPU
		{680FB63C-D253-4D7F-8669-13489CD9ABF1}.Debug|Any CPU.Build.0 = Debug|Any CPU
		{680FB63C-D253-4D7F-8669-13489CD9ABF1}.Debug|Any CPU.Deploy.0 = Debug|Any CPU
		{680FB63C-D253-4D7F-8669-13489CD9ABF1}.Release|Any CPU.ActiveCfg = Release|Any CPU
		{680FB63C-D253-4D7F-8669-13489CD9ABF1}.Release|Any CPU.Build.0 = Release|Any CPU
		{680FB63C-D253-4D7F-8669-13489CD9ABF1}.Release|Any CPU.Deploy.0 = Release|Any CPU
		{6FE91BD4-9AC0-4CF2-A849-2BBAF1D6F15C}.Debug|Any CPU.ActiveCfg = Debug|Any CPU
		{6FE91BD4-9AC0-4CF2-A849-2BBAF1D6F15C}.Debug|Any CPU.Build.0 = Debug|Any CPU
		{6FE91BD4-9AC0-4CF2-A849-2BBAF1D6F15C}.Debug|Any CPU.Deploy.0 = Debug|Any CPU
		{6FE91BD4-9AC0-4CF2-A849-2BBAF1D6F15C}.Release|Any CPU.ActiveCfg = Release|Any CPU
		{6FE91BD4-9AC0-4CF2-A849-2BBAF1D6F15C}.Release|Any CPU.Build.0 = Release|Any CPU
		{6FE91BD4-9AC0-4CF2-A849-2BBAF1D6F15C}.Release|Any CPU.Deploy.0 = Release|Any CPU
	EndGlobalSection
	GlobalSection(SolutionProperties) = preSolution
		HideSolutionNode = FALSE
	EndGlobalSection
	GlobalSection(ExtensibilityGlobals) = postSolution
		SolutionGuid = {E76F78ED-9F6F-42EB-93D5-E5E8E5A7BB79}
	EndGlobalSection
EndGlobal
